Microsoft Visual Studio Solution File, Format Version 12.00
# Visual Studio Version 17
VisualStudioVersion = 17.5.2.0
MinimumVisualStudioVersion = 10.0.40219.1
Project("{FAE04EC0-301F-11D3-BF4B-00C04F79EFBC}") = "Moyola", "Moyola.csproj", "{8A87664B-17F6-61FF-6B54-1659ADE2CBF1}"
EndProject
Global
	GlobalSection(SolutionConfigurationPlatforms) = preSolution
		Debug|Any CPU = Debug|Any CPU
		Release|Any CPU = Release|Any CPU
	EndGlobalSection
	GlobalSection(ProjectConfigurationPlatforms) = postSolution
		{8A87664B-17F6-61FF-6B54-1659ADE2CBF1}.Debug|Any CPU.ActiveCfg = Debug|Any CPU
		{8A87664B-17F6-61FF-6B54-1659ADE2CBF1}.Debug|Any CPU.Build.0 = Debug|Any CPU
		{8A87664B-17F6-61FF-6B54-1659ADE2CBF1}.Release|Any CPU.ActiveCfg = Release|Any CPU
		{8A87664B-17F6-61FF-6B54-1659ADE2CBF1}.Release|Any CPU.Build.0 = Release|Any CPU
	EndGlobalSection
	GlobalSection(SolutionProperties) = preSolution
		HideSolutionNode = FALSE
	EndGlobalSection
	GlobalSection(ExtensibilityGlobals) = postSolution
		SolutionGuid = {D7A39071-D993-4A24-BBE1-2BB883E25196}
	EndGlobalSection
EndGlobal
